
Microsoft Visual Studio Solution File, Format Version 12.00
# Visual Studio Version 17
VisualStudioVersion = 17.10.35013.160
MinimumVisualStudioVersion = 10.0.40219.1
Project("{FAE04EC0-301F-11D3-BF4B-00C04F79EFBC}") = "TVShowsApi", "TVShowsApi\TVShowsApi.csproj", "{DF39ED8D-A6C8-434C-A12B-13467677C5B1}"
EndProject
Global
	GlobalSection(SolutionConfigurationPlatforms) = preSolution
		Debug|Any CPU = Debug|Any CPU
		Release|Any CPU = Release|Any CPU
	EndGlobalSection
	GlobalSection(ProjectConfigurationPlatforms) = postSolution
		{DF39ED8D-A6C8-434C-A12B-13467677C5B1}.Debug|Any CPU.ActiveCfg = Debug|Any CPU
		{DF39ED8D-A6C8-434C-A12B-13467677C5B1}.Debug|Any CPU.Build.0 = Debug|Any CPU
		{DF39ED8D-A6C8-434C-A12B-13467677C5B1}.Release|Any CPU.ActiveCfg = Release|Any CPU
		{DF39ED8D-A6C8-434C-A12B-13467677C5B1}.Release|Any CPU.Build.0 = Release|Any CPU
	EndGlobalSection
	GlobalSection(SolutionProperties) = preSolution
		HideSolutionNode = FALSE
	EndGlobalSection
	GlobalSection(ExtensibilityGlobals) = postSolution
		SolutionGuid = {1421C841-58B3-444E-B889-4BD1D76918B3}
	EndGlobalSection
EndGlobal
